
Microsoft Visual Studio Solution File, Format Version 12.00
# Visual Studio Version 16
VisualStudioVersion = 16.0.31424.327
MinimumVisualStudioVersion = 10.0.40219.1
Project("{FAE04EC0-301F-11D3-BF4B-00C04F79EFBC}") = "VisorImagenes", "VisorImagenes\VisorImagenes.csproj", "{EBF58D44-0F27-43F7-81BE-5A60538BD1DA}"
EndProject
Global
	GlobalSection(SolutionConfigurationPlatforms) = preSolution
		Debug|Any CPU = Debug|Any CPU
		Release|Any CPU = Release|Any CPU
	EndGlobalSection
	GlobalSection(ProjectConfigurationPlatforms) = postSolution
		{EBF58D44-0F27-43F7-81BE-5A60538BD1DA}.Debug|Any CPU.ActiveCfg = Debug|Any CPU
		{EBF58D44-0F27-43F7-81BE-5A60538BD1DA}.Debug|Any CPU.Build.0 = Debug|Any CPU
		{EBF58D44-0F27-43F7-81BE-5A60538BD1DA}.Release|Any CPU.ActiveCfg = Release|Any CPU
		{EBF58D44-0F27-43F7-81BE-5A60538BD1DA}.Release|Any CPU.Build.0 = Release|Any CPU
	EndGlobalSection
	GlobalSection(SolutionProperties) = preSolution
		HideSolutionNode = FALSE
	EndGlobalSection
	GlobalSection(ExtensibilityGlobals) = postSolution
		SolutionGuid = {C81D52D3-5C6E-47F4-92F4-DC38A910EE23}
	EndGlobalSection
EndGlobal
